
Microsoft Visual Studio Solution File, Format Version 12.00
# Visual Studio Version 16
VisualStudioVersion = 16.0.31205.134
MinimumVisualStudioVersion = 10.0.40219.1
Project("{FAE04EC0-301F-11D3-BF4B-00C04F79EFBC}") = "YabsProblemC", "YabsProblemC\YabsProblemC.csproj", "{0202873D-EE9C-4D32-9276-AE9F92981A6E}"
EndProject
Global
	GlobalSection(SolutionConfigurationPlatforms) = preSolution
		Debug|Any CPU = Debug|Any CPU
		Release|Any CPU = Release|Any CPU
	EndGlobalSection
	GlobalSection(ProjectConfigurationPlatforms) = postSolution
		{0202873D-EE9C-4D32-9276-AE9F92981A6E}.Debug|Any CPU.ActiveCfg = Debug|Any CPU
		{0202873D-EE9C-4D32-9276-AE9F92981A6E}.Debug|Any CPU.Build.0 = Debug|Any CPU
		{0202873D-EE9C-4D32-9276-AE9F92981A6E}.Release|Any CPU.ActiveCfg = Release|Any CPU
		{0202873D-EE9C-4D32-9276-AE9F92981A6E}.Release|Any CPU.Build.0 = Release|Any CPU
	EndGlobalSection
	GlobalSection(SolutionProperties) = preSolution
		HideSolutionNode = FALSE
	EndGlobalSection
	GlobalSection(ExtensibilityGlobals) = postSolution
		SolutionGuid = {6401F283-0DB1-46C5-98CD-C2B1EBD14A3D}
	EndGlobalSection
EndGlobal
